
Microsoft Visual Studio Solution File, Format Version 12.00
# Visual Studio 2013
VisualStudioVersion = 12.0.20827.3
MinimumVisualStudioVersion = 10.0.40219.1
Project("{2150E333-8FDC-42A3-9474-1A3956D46DE8}") = ".paket", ".paket", "{A211183A-EFC0-48B1-B88A-D5AC33B6B4A3}"
	ProjectSection(SolutionItems) = preProject
		..\..\..\..\..\..\paket.dependencies = ..\..\..\..\..\..\paket.dependencies
	EndProjectSection
EndProject
Project("{FAE04EC0-301F-11D3-BF4B-00C04F79EFBC}") = "NestedProject", "Src\NestedProject.csproj", "{E9B43C9E-60AA-4387-A955-CAFB7EFA8C27}"
EndProject
Global
	GlobalSection(SolutionConfigurationPlatforms) = preSolution
		Debug|Any CPU = Debug|Any CPU
		Release|Any CPU = Release|Any CPU
	EndGlobalSection
	GlobalSection(ProjectConfigurationPlatforms) = postSolution
		{E9B43C9E-60AA-4387-A955-CAFB7EFA8C27}.Debug|Any CPU.ActiveCfg = Debug|Any CPU
		{E9B43C9E-60AA-4387-A955-CAFB7EFA8C27}.Debug|Any CPU.Build.0 = Debug|Any CPU
		{E9B43C9E-60AA-4387-A955-CAFB7EFA8C27}.Release|Any CPU.ActiveCfg = Release|Any CPU
		{E9B43C9E-60AA-4387-A955-CAFB7EFA8C27}.Release|Any CPU.Build.0 = Release|Any CPU
	EndGlobalSection
	GlobalSection(SolutionProperties) = preSolution
		HideSolutionNode = FALSE
	EndGlobalSection
EndGlobal
